
Microsoft Visual Studio Solution File, Format Version 12.00
# Visual Studio Version 16
VisualStudioVersion = 16.0.30204.135
MinimumVisualStudioVersion = 10.0.40219.1
Project("{FAE04EC0-301F-11D3-BF4B-00C04F79EFBC}") = "DevOpsCITest", "DevOpsCITest\DevOpsCITest.csproj", "{0886CA94-221B-48C5-A631-ED9C1C1328D4}"
EndProject
Global
	GlobalSection(SolutionConfigurationPlatforms) = preSolution
		Debug|Any CPU = Debug|Any CPU
		Release|Any CPU = Release|Any CPU
	EndGlobalSection
	GlobalSection(ProjectConfigurationPlatforms) = postSolution
		{0886CA94-221B-48C5-A631-ED9C1C1328D4}.Debug|Any CPU.ActiveCfg = Debug|Any CPU
		{0886CA94-221B-48C5-A631-ED9C1C1328D4}.Debug|Any CPU.Build.0 = Debug|Any CPU
		{0886CA94-221B-48C5-A631-ED9C1C1328D4}.Release|Any CPU.ActiveCfg = Release|Any CPU
		{0886CA94-221B-48C5-A631-ED9C1C1328D4}.Release|Any CPU.Build.0 = Release|Any CPU
	EndGlobalSection
	GlobalSection(SolutionProperties) = preSolution
		HideSolutionNode = FALSE
	EndGlobalSection
	GlobalSection(ExtensibilityGlobals) = postSolution
		SolutionGuid = {4794A5B3-6C84-4FA6-B180-2EB43BA6229B}
	EndGlobalSection
EndGlobal
